// !$*UTF8*$!
{
	archiveVersion = 1;
	classes = {
	};
	objectVersion = 50;
	objects = {

/* Begin PBXBuildFile section */
		3FB92436202F0337CA039620 /* Pods_HackerNewsTests.framework in Frameworks */ = {isa = PBXBuildFile; fileRef = 02B6F55A8F485E8688004E79 /* Pods_HackerNewsTests.framework */; };
		9183564AB2545CB1C6550919 /* Pods_HackerNews.framework in Frameworks */ = {isa = PBXBuildFile; fileRef = 40BFD309ECA3DDD905C445C4 /* Pods_HackerNews.framework */; };
		C0C0D24F2213B2C2001AA671 /* AppDelegate.swift in Sources */ = {isa = PBXBuildFile; fileRef = C0C0D24E2213B2C2001AA671 /* AppDelegate.swift */; };
		C0C0D2562213B2C4001AA671 /* Assets.xcassets in Resources */ = {isa = PBXBuildFile; fileRef = C0C0D2552213B2C4001AA671 /* Assets.xcassets */; };
		C0C0D2592213B2C4001AA671 /* LaunchScreen.storyboard in Resources */ = {isa = PBXBuildFile; fileRef = C0C0D2572213B2C4001AA671 /* LaunchScreen.storyboard */; };
		C0C0D2642213B2C4001AA671 /* HackerNewsTests.swift in Sources */ = {isa = PBXBuildFile; fileRef = C0C0D2632213B2C4001AA671 /* HackerNewsTests.swift */; };
		C0C0D26F2213B31C001AA671 /* FeedViewController.swift in Sources */ = {isa = PBXBuildFile; fileRef = C0C0D26E2213B31C001AA671 /* FeedViewController.swift */; };
		C0C0D2702213B31C001AA671 /* FeedViewController.swift in Sources */ = {isa = PBXBuildFile; fileRef = C0C0D26E2213B31C001AA671 /* FeedViewController.swift */; };
		C0C0D2742213B48A001AA671 /* Story.swift in Sources */ = {isa = PBXBuildFile; fileRef = C0C0D2732213B48A001AA671 /* Story.swift */; };
		C0C0D2752213B48C001AA671 /* Story.swift in Sources */ = {isa = PBXBuildFile; fileRef = C0C0D2732213B48A001AA671 /* Story.swift */; };
		C0C0D2782213B50C001AA671 /* ItemRepository.swift in Sources */ = {isa = PBXBuildFile; fileRef = C0C0D2772213B50C001AA671 /* ItemRepository.swift */; };
		C0C0D2792213B50C001AA671 /* ItemRepository.swift in Sources */ = {isa = PBXBuildFile; fileRef = C0C0D2772213B50C001AA671 /* ItemRepository.swift */; };
		C0C0D27C2213B7C2001AA671 /* FeedViewModel.swift in Sources */ = {isa = PBXBuildFile; fileRef = C0C0D27B2213B7C2001AA671 /* FeedViewModel.swift */; };
		C0C0D27D2213B7C2001AA671 /* FeedViewModel.swift in Sources */ = {isa = PBXBuildFile; fileRef = C0C0D27B2213B7C2001AA671 /* FeedViewModel.swift */; };
		C0C0D2802213C009001AA671 /* HTTP.swift in Sources */ = {isa = PBXBuildFile; fileRef = C0C0D27F2213C009001AA671 /* HTTP.swift */; };
		C0C0D2812213C009001AA671 /* HTTP.swift in Sources */ = {isa = PBXBuildFile; fileRef = C0C0D27F2213C009001AA671 /* HTTP.swift */; };
		C0C0D2842213C26D001AA671 /* StoryTableViewCell.swift in Sources */ = {isa = PBXBuildFile; fileRef = C0C0D2832213C26D001AA671 /* StoryTableViewCell.swift */; };
		C0C0D2852213C26D001AA671 /* StoryTableViewCell.swift in Sources */ = {isa = PBXBuildFile; fileRef = C0C0D2832213C26D001AA671 /* StoryTableViewCell.swift */; };
/* End PBXBuildFile section */

/* Begin PBXContainerItemProxy section */
		C0C0D2602213B2C4001AA671 /* PBXContainerItemProxy */ = {
			isa = PBXContainerItemProxy;
			containerPortal = C0C0D2432213B2C2001AA671 /* Project object */;
			proxyType = 1;
			remoteGlobalIDString = C0C0D24A2213B2C2001AA671;
			remoteInfo = HackerNews;
		};
/* End PBXContainerItemProxy section */

/* Begin PBXFileReference section */
		02B6F55A8F485E8688004E79 /* Pods_HackerNewsTests.framework */ = {isa = PBXFileReference; explicitFileType = wrapper.framework; includeInIndex = 0; path = Pods_HackerNewsTests.framework; sourceTree = BUILT_PRODUCTS_DIR; };
		0B864C1B87357ACE86AD400C /* Pods-HackerNewsTests.debug.xcconfig */ = {isa = PBXFileReference; includeInIndex = 1; lastKnownFileType = text.xcconfig; name = "Pods-HackerNewsTests.debug.xcconfig"; path = "Pods/Target Support Files/Pods-HackerNewsTests/Pods-HackerNewsTests.debug.xcconfig"; sourceTree = "<group>"; };
		40BFD309ECA3DDD905C445C4 /* Pods_HackerNews.framework */ = {isa = PBXFileReference; explicitFileType = wrapper.framework; includeInIndex = 0; path = Pods_HackerNews.framework; sourceTree = BUILT_PRODUCTS_DIR; };
		644D31670D66C370FA78B8C6 /* Pods-HackerNewsTests.release.xcconfig */ = {isa = PBXFileReference; includeInIndex = 1; lastKnownFileType = text.xcconfig; name = "Pods-HackerNewsTests.release.xcconfig"; path = "Pods/Target Support Files/Pods-HackerNewsTests/Pods-HackerNewsTests.release.xcconfig"; sourceTree = "<group>"; };
		A1D21F0C934EB40C1F7EA9E1 /* Pods-HackerNews.release.xcconfig */ = {isa = PBXFileReference; includeInIndex = 1; lastKnownFileType = text.xcconfig; name = "Pods-HackerNews.release.xcconfig"; path = "Pods/Target Support Files/Pods-HackerNews/Pods-HackerNews.release.xcconfig"; sourceTree = "<group>"; };
		B088819A2606E93EB45C713F /* Pods-HackerNews.debug.xcconfig */ = {isa = PBXFileReference; includeInIndex = 1; lastKnownFileType = text.xcconfig; name = "Pods-HackerNews.debug.xcconfig"; path = "Pods/Target Support Files/Pods-HackerNews/Pods-HackerNews.debug.xcconfig"; sourceTree = "<group>"; };
		C0C0D24B2213B2C2001AA671 /* HackerNews.app */ = {isa = PBXFileReference; explicitFileType = wrapper.application; includeInIndex = 0; path = HackerNews.app; sourceTree = BUILT_PRODUCTS_DIR; };
		C0C0D24E2213B2C2001AA671 /* AppDelegate.swift */ = {isa = PBXFileReference; lastKnownFileType = sourcecode.swift; path = AppDelegate.swift; sourceTree = "<group>"; };
		C0C0D2552213B2C4001AA671 /* Assets.xcassets */ = {isa = PBXFileReference; lastKnownFileType = folder.assetcatalog; path = Assets.xcassets; sourceTree = "<group>"; };
		C0C0D2582213B2C4001AA671 /* Base */ = {isa = PBXFileReference; lastKnownFileType = file.storyboard; name = Base; path = Base.lproj/LaunchScreen.storyboard; sourceTree = "<group>"; };
		C0C0D25A2213B2C4001AA671 /* Info.plist */ = {isa = PBXFileReference; lastKnownFileType = text.plist.xml; path = Info.plist; sourceTree = "<group>"; };
		C0C0D25F2213B2C4001AA671 /* HackerNewsTests.xctest */ = {isa = PBXFileReference; explicitFileType = wrapper.cfbundle; includeInIndex = 0; path = HackerNewsTests.xctest; sourceTree = BUILT_PRODUCTS_DIR; };
		C0C0D2632213B2C4001AA671 /* HackerNewsTests.swift */ = {isa = PBXFileReference; lastKnownFileType = sourcecode.swift; path = HackerNewsTests.swift; sourceTree = "<group>"; };
		C0C0D2652213B2C4001AA671 /* Info.plist */ = {isa = PBXFileReference; lastKnownFileType = text.plist.xml; path = Info.plist; sourceTree = "<group>"; };
		C0C0D26E2213B31C001AA671 /* FeedViewController.swift */ = {isa = PBXFileReference; lastKnownFileType = sourcecode.swift; path = FeedViewController.swift; sourceTree = "<group>"; };
		C0C0D2732213B48A001AA671 /* Story.swift */ = {isa = PBXFileReference; lastKnownFileType = sourcecode.swift; path = Story.swift; sourceTree = "<group>"; };
		C0C0D2772213B50C001AA671 /* ItemRepository.swift */ = {isa = PBXFileReference; lastKnownFileType = sourcecode.swift; path = ItemRepository.swift; sourceTree = "<group>"; };
		C0C0D27B2213B7C2001AA671 /* FeedViewModel.swift */ = {isa = PBXFileReference; lastKnownFileType = sourcecode.swift; path = FeedViewModel.swift; sourceTree = "<group>"; };
		C0C0D27F2213C009001AA671 /* HTTP.swift */ = {isa = PBXFileReference; lastKnownFileType = sourcecode.swift; path = HTTP.swift; sourceTree = "<group>"; };
		C0C0D2832213C26D001AA671 /* StoryTableViewCell.swift */ = {isa = PBXFileReference; lastKnownFileType = sourcecode.swift; path = StoryTableViewCell.swift; sourceTree = "<group>"; };
/* End PBXFileReference section */

/* Begin PBXFrameworksBuildPhase section */
		C0C0D2482213B2C2001AA671 /* Frameworks */ = {
			isa = PBXFrameworksBuildPhase;
			buildActionMask = 2147483647;
			files = (
				9183564AB2545CB1C6550919 /* Pods_HackerNews.framework in Frameworks */,
			);
			runOnlyForDeploymentPostprocessing = 0;
		};
		C0C0D25C2213B2C4001AA671 /* Frameworks */ = {
			isa = PBXFrameworksBuildPhase;
			buildActionMask = 2147483647;
			files = (
				3FB92436202F0337CA039620 /* Pods_HackerNewsTests.framework in Frameworks */,
			);
			runOnlyForDeploymentPostprocessing = 0;
		};
/* End PBXFrameworksBuildPhase section */

/* Begin PBXGroup section */
		110F6D3545950EB667A269A3 /* Frameworks */ = {
			isa = PBXGroup;
			children = (
				40BFD309ECA3DDD905C445C4 /* Pods_HackerNews.framework */,
				02B6F55A8F485E8688004E79 /* Pods_HackerNewsTests.framework */,
			);
			name = Frameworks;
			sourceTree = "<group>";
		};
		51CBA3F0D0102AEDBD2FD6CA /* Pods */ = {
			isa = PBXGroup;
			children = (
				B088819A2606E93EB45C713F /* Pods-HackerNews.debug.xcconfig */,
				A1D21F0C934EB40C1F7EA9E1 /* Pods-HackerNews.release.xcconfig */,
				0B864C1B87357ACE86AD400C /* Pods-HackerNewsTests.debug.xcconfig */,
				644D31670D66C370FA78B8C6 /* Pods-HackerNewsTests.release.xcconfig */,
			);
			name = Pods;
			sourceTree = "<group>";
		};
		C0C0D2422213B2C2001AA671 = {
			isa = PBXGroup;
			children = (
				C0C0D24D2213B2C2001AA671 /* HackerNews */,
				C0C0D2622213B2C4001AA671 /* HackerNewsTests */,
				C0C0D24C2213B2C2001AA671 /* Products */,
				51CBA3F0D0102AEDBD2FD6CA /* Pods */,
				110F6D3545950EB667A269A3 /* Frameworks */,
			);
			sourceTree = "<group>";
		};
		C0C0D24C2213B2C2001AA671 /* Products */ = {
			isa = PBXGroup;
			children = (
				C0C0D24B2213B2C2001AA671 /* HackerNews.app */,
				C0C0D25F2213B2C4001AA671 /* HackerNewsTests.xctest */,
			);
			name = Products;
			sourceTree = "<group>";
		};
		C0C0D24D2213B2C2001AA671 /* HackerNews */ = {
			isa = PBXGroup;
			children = (
				C0C0D2822213C25B001AA671 /* Views */,
				C0C0D2722213B3B4001AA671 /* Models */,
				C0C0D2762213B4F5001AA671 /* Repositories */,
				C0C0D27E2213B8C8001AA671 /* Helpers */,
				C0C0D27A2213B7B8001AA671 /* ViewModels */,
				C0C0D2712213B3A2001AA671 /* Controllers */,
				C0C0D24E2213B2C2001AA671 /* AppDelegate.swift */,
				C0C0D2552213B2C4001AA671 /* Assets.xcassets */,
				C0C0D2572213B2C4001AA671 /* LaunchScreen.storyboard */,
				C0C0D25A2213B2C4001AA671 /* Info.plist */,
			);
			path = HackerNews;
			sourceTree = "<group>";
		};
		C0C0D2622213B2C4001AA671 /* HackerNewsTests */ = {
			isa = PBXGroup;
			children = (
				C0C0D2632213B2C4001AA671 /* HackerNewsTests.swift */,
				C0C0D2652213B2C4001AA671 /* Info.plist */,
			);
			path = HackerNewsTests;
			sourceTree = "<group>";
		};
		C0C0D2712213B3A2001AA671 /* Controllers */ = {
			isa = PBXGroup;
			children = (
				C0C0D26E2213B31C001AA671 /* FeedViewController.swift */,
			);
			path = Controllers;
			sourceTree = "<group>";
		};
		C0C0D2722213B3B4001AA671 /* Models */ = {
			isa = PBXGroup;
			children = (
				C0C0D2732213B48A001AA671 /* Story.swift */,
			);
			path = Models;
			sourceTree = "<group>";
		};
		C0C0D2762213B4F5001AA671 /* Repositories */ = {
			isa = PBXGroup;
			children = (
				C0C0D2772213B50C001AA671 /* ItemRepository.swift */,
			);
			path = Repositories;
			sourceTree = "<group>";
		};
		C0C0D27A2213B7B8001AA671 /* ViewModels */ = {
			isa = PBXGroup;
			children = (
				C0C0D27B2213B7C2001AA671 /* FeedViewModel.swift */,
			);
			path = ViewModels;
			sourceTree = "<group>";
		};
		C0C0D27E2213B8C8001AA671 /* Helpers */ = {
			isa = PBXGroup;
			children = (
				C0C0D27F2213C009001AA671 /* HTTP.swift */,
			);
			path = Helpers;
			sourceTree = "<group>";
		};
		C0C0D2822213C25B001AA671 /* Views */ = {
			isa = PBXGroup;
			children = (
				C0C0D2832213C26D001AA671 /* StoryTableViewCell.swift */,
			);
			path = Views;
			sourceTree = "<group>";
		};
/* End PBXGroup section */

/* Begin PBXNativeTarget section */
		C0C0D24A2213B2C2001AA671 /* HackerNews */ = {
			isa = PBXNativeTarget;
			buildConfigurationList = C0C0D2682213B2C4001AA671 /* Build configuration list for PBXNativeTarget "HackerNews" */;
			buildPhases = (
				D08BCDE45F8B2B9458163376 /* [CP] Check Pods Manifest.lock */,
				C0C0D2472213B2C2001AA671 /* Sources */,
				C0C0D2482213B2C2001AA671 /* Frameworks */,
				C0C0D2492213B2C2001AA671 /* Resources */,
				6DEFECDBB47B099CE651AA3E /* [CP] Embed Pods Frameworks */,
			);
			buildRules = (
			);
			dependencies = (
			);
			name = HackerNews;
			productName = HackerNews;
			productReference = C0C0D24B2213B2C2001AA671 /* HackerNews.app */;
			productType = "com.apple.product-type.application";
		};
		C0C0D25E2213B2C4001AA671 /* HackerNewsTests */ = {
			isa = PBXNativeTarget;
			buildConfigurationList = C0C0D26B2213B2C4001AA671 /* Build configuration list for PBXNativeTarget "HackerNewsTests" */;
			buildPhases = (
				573BA66A2BBC81F04FFA15C0 /* [CP] Check Pods Manifest.lock */,
				C0C0D25B2213B2C4001AA671 /* Sources */,
				C0C0D25C2213B2C4001AA671 /* Frameworks */,
				C0C0D25D2213B2C4001AA671 /* Resources */,
			);
			buildRules = (
			);
			dependencies = (
				C0C0D2612213B2C4001AA671 /* PBXTargetDependency */,
			);
			name = HackerNewsTests;
			productName = HackerNewsTests;
			productReference = C0C0D25F2213B2C4001AA671 /* HackerNewsTests.xctest */;
			productType = "com.apple.product-type.bundle.unit-test";
		};
/* End PBXNativeTarget section */

/* Begin PBXProject section */
		C0C0D2432213B2C2001AA671 /* Project object */ = {
			isa = PBXProject;
			attributes = {
				LastSwiftUpdateCheck = 1010;
				LastUpgradeCheck = 1010;
				ORGANIZATIONNAME = "Aaron Sapp";
				TargetAttributes = {
					C0C0D24A2213B2C2001AA671 = {
						CreatedOnToolsVersion = 10.1;
					};
					C0C0D25E2213B2C4001AA671 = {
						CreatedOnToolsVersion = 10.1;
						TestTargetID = C0C0D24A2213B2C2001AA671;
					};
				};
			};
			buildConfigurationList = C0C0D2462213B2C2001AA671 /* Build configuration list for PBXProject "HackerNews" */;
			compatibilityVersion = "Xcode 9.3";
			developmentRegion = en;
			hasScannedForEncodings = 0;
			knownRegions = (
				en,
				Base,
			);
			mainGroup = C0C0D2422213B2C2001AA671;
			productRefGroup = C0C0D24C2213B2C2001AA671 /* Products */;
			projectDirPath = "";
			projectRoot = "";
			targets = (
				C0C0D24A2213B2C2001AA671 /* HackerNews */,
				C0C0D25E2213B2C4001AA671 /* HackerNewsTests */,
			);
		};
/* End PBXProject section */

/* Begin PBXResourcesBuildPhase section */
		C0C0D2492213B2C2001AA671 /* Resources */ = {
			isa = PBXResourcesBuildPhase;
			buildActionMask = 2147483647;
			files = (
				C0C0D2592213B2C4001AA671 /* LaunchScreen.storyboard in Resources */,
				C0C0D2562213B2C4001AA671 /* Assets.xcassets in Resources */,
			);
			runOnlyForDeploymentPostprocessing = 0;
		};
		C0C0D25D2213B2C4001AA671 /* Resources */ = {
			isa = PBXResourcesBuildPhase;
			buildActionMask = 2147483647;
			files = (
			);
			runOnlyForDeploymentPostprocessing = 0;
		};
/* End PBXResourcesBuildPhase section */

/* Begin PBXShellScriptBuildPhase section */
		573BA66A2BBC81F04FFA15C0 /* [CP] Check Pods Manifest.lock */ = {
			isa = PBXShellScriptBuildPhase;
			buildActionMask = 2147483647;
			files = (
			);
			inputFileListPaths = (
			);
			inputPaths = (
				"${PODS_PODFILE_DIR_PATH}/Podfile.lock",
				"${PODS_ROOT}/Manifest.lock",
			);
			name = "[CP] Check Pods Manifest.lock";
			outputFileListPaths = (
			);
			outputPaths = (
				"$(DERIVED_FILE_DIR)/Pods-HackerNewsTests-checkManifestLockResult.txt",
			);
			runOnlyForDeploymentPostprocessing = 0;
			shellPath = /bin/sh;
			shellScript = "diff \"${PODS_PODFILE_DIR_PATH}/Podfile.lock\" \"${PODS_ROOT}/Manifest.lock\" > /dev/null\nif [ $? != 0 ] ; then\n    # print error to STDERR\n    echo \"error: The sandbox is not in sync with the Podfile.lock. Run 'pod install' or update your CocoaPods installation.\" >&2\n    exit 1\nfi\n# This output is used by Xcode 'outputs' to avoid re-running this script phase.\necho \"SUCCESS\" > \"${SCRIPT_OUTPUT_FILE_0}\"\n";
			showEnvVarsInLog = 0;
		};
		6DEFECDBB47B099CE651AA3E /* [CP] Embed Pods Frameworks */ = {
			isa = PBXShellScriptBuildPhase;
			buildActionMask = 2147483647;
			files = (
			);
			inputFileListPaths = (
			);
			inputPaths = (
				"${SRCROOT}/Pods/Target Support Files/Pods-HackerNews/Pods-HackerNews-frameworks.sh",
				"${BUILT_PRODUCTS_DIR}/Alamofire/Alamofire.framework",
				"${BUILT_PRODUCTS_DIR}/RxAtomic/RxAtomic.framework",
				"${BUILT_PRODUCTS_DIR}/RxCocoa/RxCocoa.framework",
				"${BUILT_PRODUCTS_DIR}/RxSwift/RxSwift.framework",
				"${BUILT_PRODUCTS_DIR}/SnapKit/SnapKit.framework",
			);
			name = "[CP] Embed Pods Frameworks";
			outputFileListPaths = (
			);
			outputPaths = (
				"${TARGET_BUILD_DIR}/${FRAMEWORKS_FOLDER_PATH}/Alamofire.framework",
				"${TARGET_BUILD_DIR}/${FRAMEWORKS_FOLDER_PATH}/RxAtomic.framework",
				"${TARGET_BUILD_DIR}/${FRAMEWORKS_FOLDER_PATH}/RxCocoa.framework",
				"${TARGET_BUILD_DIR}/${FRAMEWORKS_FOLDER_PATH}/RxSwift.framework",
				"${TARGET_BUILD_DIR}/${FRAMEWORKS_FOLDER_PATH}/SnapKit.framework",
			);
			runOnlyForDeploymentPostprocessing = 0;
			shellPath = /bin/sh;
			shellScript = "\"${SRCROOT}/Pods/Target Support Files/Pods-HackerNews/Pods-HackerNews-frameworks.sh\"\n";
			showEnvVarsInLog = 0;
		};
		D08BCDE45F8B2B9458163376 /* [CP] Check Pods Manifest.lock */ = {
			isa = PBXShellScriptBuildPhase;
			buildActionMask = 2147483647;
			files = (
			);
			inputFileListPaths = (
			);
			inputPaths = (
				"${PODS_PODFILE_DIR_PATH}/Podfile.lock",
				"${PODS_ROOT}/Manifest.lock",
			);
			name = "[CP] Check Pods Manifest.lock";
			outputFileListPaths = (
			);
			outputPaths = (
				"$(DERIVED_FILE_DIR)/Pods-HackerNews-checkManifestLockResult.txt",
			);
			runOnlyForDeploymentPostprocessing = 0;
			shellPath = /bin/sh;
			shellScript = "diff \"${PODS_PODFILE_DIR_PATH}/Podfile.lock\" \"${PODS_ROOT}/Manifest.lock\" > /dev/null\nif [ $? != 0 ] ; then\n    # print error to STDERR\n    echo \"error: The sandbox is not in sync with the Podfile.lock. Run 'pod install' or update your CocoaPods installation.\" >&2\n    exit 1\nfi\n# This output is used by Xcode 'outputs' to avoid re-running this script phase.\necho \"SUCCESS\" > \"${SCRIPT_OUTPUT_FILE_0}\"\n";
			showEnvVarsInLog = 0;
		};
/* End PBXShellScriptBuildPhase section */

/* Begin PBXSourcesBuildPhase section */
		C0C0D2472213B2C2001AA671 /* Sources */ = {
			isa = PBXSourcesBuildPhase;
			buildActionMask = 2147483647;
			files = (
				C0C0D27C2213B7C2001AA671 /* FeedViewModel.swift in Sources */,
				C0C0D26F2213B31C001AA671 /* FeedViewController.swift in Sources */,
				C0C0D24F2213B2C2001AA671 /* AppDelegate.swift in Sources */,
				C0C0D2802213C009001AA671 /* HTTP.swift in Sources */,
				C0C0D2782213B50C001AA671 /* ItemRepository.swift in Sources */,
				C0C0D2742213B48A001AA671 /* Story.swift in Sources */,
				C0C0D2842213C26D001AA671 /* StoryTableViewCell.swift in Sources */,
			);
			runOnlyForDeploymentPostprocessing = 0;
		};
		C0C0D25B2213B2C4001AA671 /* Sources */ = {
			isa = PBXSourcesBuildPhase;
			buildActionMask = 2147483647;
			files = (
				C0C0D27D2213B7C2001AA671 /* FeedViewModel.swift in Sources */,
				C0C0D2702213B31C001AA671 /* FeedViewController.swift in Sources */,
				C0C0D2642213B2C4001AA671 /* HackerNewsTests.swift in Sources */,
				C0C0D2812213C009001AA671 /* HTTP.swift in Sources */,
				C0C0D2792213B50C001AA671 /* ItemRepository.swift in Sources */,
				C0C0D2752213B48C001AA671 /* Story.swift in Sources */,
				C0C0D2852213C26D001AA671 /* StoryTableViewCell.swift in Sources */,
			);
			runOnlyForDeploymentPostprocessing = 0;
		};
/* End PBXSourcesBuildPhase section */

/* Begin PBXTargetDependency section */
		C0C0D2612213B2C4001AA671 /* PBXTargetDependency */ = {
			isa = PBXTargetDependency;
			target = C0C0D24A2213B2C2001AA671 /* HackerNews */;
			targetProxy = C0C0D2602213B2C4001AA671 /* PBXContainerItemProxy */;
		};
/* End PBXTargetDependency section */

/* Begin PBXVariantGroup section */
		C0C0D2572213B2C4001AA671 /* LaunchScreen.storyboard */ = {
			isa = PBXVariantGroup;
			children = (
				C0C0D2582213B2C4001AA671 /* Base */,
			);
			name = LaunchScreen.storyboard;
			sourceTree = "<group>";
		};
/* End PBXVariantGroup section */

/* Begin XCBuildConfiguration section */
		C0C0D2662213B2C4001AA671 /* Debug */ = {
			isa = XCBuildConfiguration;
			buildSettings = {
				ALWAYS_SEARCH_USER_PATHS = NO;
				CLANG_ANALYZER_NONNULL = YES;
				CLANG_ANALYZER_NUMBER_OBJECT_CONVERSION = YES_AGGRESSIVE;
				CLANG_CXX_LANGUAGE_STANDARD = "gnu++14";
				CLANG_CXX_LIBRARY = "libc++";
				CLANG_ENABLE_MODULES = YES;
				CLANG_ENABLE_OBJC_ARC = YES;
				CLANG_ENABLE_OBJC_WEAK = YES;
				CLANG_WARN_BLOCK_CAPTURE_AUTORELEASING = YES;
				CLANG_WARN_BOOL_CONVERSION = YES;
				CLANG_WARN_COMMA = YES;
				CLANG_WARN_CONSTANT_CONVERSION = YES;
				CLANG_WARN_DEPRECATED_OBJC_IMPLEMENTATIONS = YES;
				CLANG_WARN_DIRECT_OBJC_ISA_USAGE = YES_ERROR;
				CLANG_WARN_DOCUMENTATION_COMMENTS = YES;
				CLANG_WARN_EMPTY_BODY = YES;
				CLANG_WARN_ENUM_CONVERSION = YES;
				CLANG_WARN_INFINITE_RECURSION = YES;
				CLANG_WARN_INT_CONVERSION = YES;
				CLANG_WARN_NON_LITERAL_NULL_CONVERSION = YES;
				CLANG_WARN_OBJC_IMPLICIT_RETAIN_SELF = YES;
				CLANG_WARN_OBJC_LITERAL_CONVERSION = YES;
				CLANG_WARN_OBJC_ROOT_CLASS = YES_ERROR;
				CLANG_WARN_RANGE_LOOP_ANALYSIS = YES;
				CLANG_WARN_STRICT_PROTOTYPES = YES;
				CLANG_WARN_SUSPICIOUS_MOVE = YES;
				CLANG_WARN_UNGUARDED_AVAILABILITY = YES_AGGRESSIVE;
				CLANG_WARN_UNREACHABLE_CODE = YES;
				CLANG_WARN__DUPLICATE_METHOD_MATCH = YES;
				CODE_SIGN_IDENTITY = "iPhone Developer";
				COPY_PHASE_STRIP = NO;
				DEBUG_INFORMATION_FORMAT = dwarf;
				ENABLE_STRICT_OBJC_MSGSEND = YES;
				ENABLE_TESTABILITY = YES;
				GCC_C_LANGUAGE_STANDARD = gnu11;
				GCC_DYNAMIC_NO_PIC = NO;
				GCC_NO_COMMON_BLOCKS = YES;
				GCC_OPTIMIZATION_LEVEL = 0;
				GCC_PREPROCESSOR_DEFINITIONS = (
					"DEBUG=1",
					"$(inherited)",
				);
				GCC_WARN_64_TO_32_BIT_CONVERSION = YES;
				GCC_WARN_ABOUT_RETURN_TYPE = YES_ERROR;
				GCC_WARN_UNDECLARED_SELECTOR = YES;
				GCC_WARN_UNINITIALIZED_AUTOS = YES_AGGRESSIVE;
				GCC_WARN_UNUSED_FUNCTION = YES;
				GCC_WARN_UNUSED_VARIABLE = YES;
				IPHONEOS_DEPLOYMENT_TARGET = 12.1;
				MTL_ENABLE_DEBUG_INFO = INCLUDE_SOURCE;
				MTL_FAST_MATH = YES;
				ONLY_ACTIVE_ARCH = YES;
				SDKROOT = iphoneos;
				SWIFT_ACTIVE_COMPILATION_CONDITIONS = DEBUG;
				SWIFT_OPTIMIZATION_LEVEL = "-Onone";
			};
			name = Debug;
		};
		C0C0D2672213B2C4001AA671 /* Release */ = {
			isa = XCBuildConfiguration;
			buildSettings = {
				ALWAYS_SEARCH_USER_PATHS = NO;
				CLANG_ANALYZER_NONNULL = YES;
				CLANG_ANALYZER_NUMBER_OBJECT_CONVERSION = YES_AGGRESSIVE;
				CLANG_CXX_LANGUAGE_STANDARD = "gnu++14";
				CLANG_CXX_LIBRARY = "libc++";
				CLANG_ENABLE_MODULES = YES;
				CLANG_ENABLE_OBJC_ARC = YES;
				CLANG_ENABLE_OBJC_WEAK = YES;
				CLANG_WARN_BLOCK_CAPTURE_AUTORELEASING = YES;
				CLANG_WARN_BOOL_CONVERSION = YES;
				CLANG_WARN_COMMA = YES;
				CLANG_WARN_CONSTANT_CONVERSION = YES;
				CLANG_WARN_DEPRECATED_OBJC_IMPLEMENTATIONS = YES;
				CLANG_WARN_DIRECT_OBJC_ISA_USAGE = YES_ERROR;
				CLANG_WARN_DOCUMENTATION_COMMENTS = YES;
				CLANG_WARN_EMPTY_BODY = YES;
				CLANG_WARN_ENUM_CONVERSION = YES;
				CLANG_WARN_INFINITE_RECURSION = YES;
				CLANG_WARN_INT_CONVERSION = YES;
				CLANG_WARN_NON_LITERAL_NULL_CONVERSION = YES;
				CLANG_WARN_OBJC_IMPLICIT_RETAIN_SELF = YES;
				CLANG_WARN_OBJC_LITERAL_CONVERSION = YES;
				CLANG_WARN_OBJC_ROOT_CLASS = YES_ERROR;
				CLANG_WARN_RANGE_LOOP_ANALYSIS = YES;
				CLANG_WARN_STRICT_PROTOTYPES = YES;
				CLANG_WARN_SUSPICIOUS_MOVE = YES;
				CLANG_WARN_UNGUARDED_AVAILABILITY = YES_AGGRESSIVE;
				CLANG_WARN_UNREACHABLE_CODE = YES;
				CLANG_WARN__DUPLICATE_METHOD_MATCH = YES;
				CODE_SIGN_IDENTITY = "iPhone Developer";
				COPY_PHASE_STRIP = NO;
				DEBUG_INFORMATION_FORMAT = "dwarf-with-dsym";
				ENABLE_NS_ASSERTIONS = NO;
				ENABLE_STRICT_OBJC_MSGSEND = YES;
				GCC_C_LANGUAGE_STANDARD = gnu11;
				GCC_NO_COMMON_BLOCKS = YES;
				GCC_WARN_64_TO_32_BIT_CONVERSION = YES;
				GCC_WARN_ABOUT_RETURN_TYPE = YES_ERROR;
				GCC_WARN_UNDECLARED_SELECTOR = YES;
				GCC_WARN_UNINITIALIZED_AUTOS = YES_AGGRESSIVE;
				GCC_WARN_UNUSED_FUNCTION = YES;
				GCC_WARN_UNUSED_VARIABLE = YES;
				IPHONEOS_DEPLOYMENT_TARGET = 12.1;
				MTL_ENABLE_DEBUG_INFO = NO;
				MTL_FAST_MATH = YES;
				SDKROOT = iphoneos;
				SWIFT_COMPILATION_MODE = wholemodule;
				SWIFT_OPTIMIZATION_LEVEL = "-O";
				VALIDATE_PRODUCT = YES;
			};
			name = Release;
		};
		C0C0D2692213B2C4001AA671 /* Debug */ = {
			isa = XCBuildConfiguration;
			baseConfigurationReference = B088819A2606E93EB45C713F /* Pods-HackerNews.debug.xcconfig */;
			buildSettings = {
				ASSETCATALOG_COMPILER_APPICON_NAME = AppIcon;
				CODE_SIGN_STYLE = Automatic;
				INFOPLIST_FILE = HackerNews/Info.plist;
				IPHONEOS_DEPLOYMENT_TARGET = 11.0;
				LD_RUNPATH_SEARCH_PATHS = (
					"$(inherited)",
					"@executable_path/Frameworks",
				);
				PRODUCT_BUNDLE_IDENTIFIER = com.as.HackerNews;
				PRODUCT_NAME = "$(TARGET_NAME)";
				SWIFT_VERSION = 4.2;
				TARGETED_DEVICE_FAMILY = 1;
			};
			name = Debug;
		};
		C0C0D26A2213B2C4001AA671 /* Release */ = {
			isa = XCBuildConfiguration;
			baseConfigurationReference = A1D21F0C934EB40C1F7EA9E1 /* Pods-HackerNews.release.xcconfig */;
			buildSettings = {
				ASSETCATALOG_COMPILER_APPICON_NAME = AppIcon;
				CODE_SIGN_STYLE = Automatic;
				INFOPLIST_FILE = HackerNews/Info.plist;
				IPHONEOS_DEPLOYMENT_TARGET = 11.0;
				LD_RUNPATH_SEARCH_PATHS = (
					"$(inherited)",
					"@executable_path/Frameworks",
				);
				PRODUCT_BUNDLE_IDENTIFIER = com.as.HackerNews;
				PRODUCT_NAME = "$(TARGET_NAME)";
				SWIFT_VERSION = 4.2;
				TARGETED_DEVICE_FAMILY = 1;
			};
			name = Release;
		};
		C0C0D26C2213B2C4001AA671 /* Debug */ = {
			isa = XCBuildConfiguration;
			baseConfigurationReference = 0B864C1B87357ACE86AD400C /* Pods-HackerNewsTests.debug.xcconfig */;
			buildSettings = {
				ALWAYS_EMBED_SWIFT_STANDARD_LIBRARIES = YES;
				BUNDLE_LOADER = "$(TEST_HOST)";
				CODE_SIGN_STYLE = Automatic;
				INFOPLIST_FILE = HackerNewsTests/Info.plist;
				LD_RUNPATH_SEARCH_PATHS = (
					"$(inherited)",
					"@executable_path/Frameworks",
					"@loader_path/Frameworks",
				);
				PRODUCT_BUNDLE_IDENTIFIER = com.as.HackerNewsTests;
				PRODUCT_NAME = "$(TARGET_NAME)";
				SWIFT_VERSION = 4.2;
				TARGETED_DEVICE_FAMILY = "1,2";
				TEST_HOST = "$(BUILT_PRODUCTS_DIR)/HackerNews.app/HackerNews";
			};
			name = Debug;
		};
		C0C0D26D2213B2C4001AA671 /* Release */ = {
			isa = XCBuildConfiguration;
			baseConfigurationReference = 644D31670D66C370FA78B8C6 /* Pods-HackerNewsTests.release.xcconfig */;
			buildSettings = {
				ALWAYS_EMBED_SWIFT_STANDARD_LIBRARIES = YES;
				BUNDLE_LOADER = "$(TEST_HOST)";
				CODE_SIGN_STYLE = Automatic;
				INFOPLIST_FILE = HackerNewsTests/Info.plist;
				LD_RUNPATH_SEARCH_PATHS = (
					"$(inherited)",
					"@executable_path/Frameworks",
					"@loader_path/Frameworks",
				);
				PRODUCT_BUNDLE_IDENTIFIER = com.as.HackerNewsTests;
				PRODUCT_NAME = "$(TARGET_NAME)";
				SWIFT_VERSION = 4.2;
				TARGETED_DEVICE_FAMILY = "1,2";
				TEST_HOST = "$(BUILT_PRODUCTS_DIR)/HackerNews.app/HackerNews";
			};
			name = Release;
		};
/* End XCBuildConfiguration section */

/* Begin XCConfigurationList section */
		C0C0D2462213B2C2001AA671 /* Build configuration list for PBXProject "HackerNews" */ = {
			isa = XCConfigurationList;
			buildConfigurations = (
				C0C0D2662213B2C4001AA671 /* Debug */,
				C0C0D2672213B2C4001AA671 /* Release */,
			);
			defaultConfigurationIsVisible = 0;
			defaultConfigurationName = Release;
		};
		C0C0D2682213B2C4001AA671 /* Build configuration list for PBXNativeTarget "HackerNews" */ = {
			isa = XCConfigurationList;
			buildConfigurations = (
				C0C0D2692213B2C4001AA671 /* Debug */,
				C0C0D26A2213B2C4001AA671 /* Release */,
			);
			defaultConfigurationIsVisible = 0;
			defaultConfigurationName = Release;
		};
		C0C0D26B2213B2C4001AA671 /* Build configuration list for PBXNativeTarget "HackerNewsTests" */ = {
			isa = XCConfigurationList;
			buildConfigurations = (
				C0C0D26C2213B2C4001AA671 /* Debug */,
				C0C0D26D2213B2C4001AA671 /* Release */,
			);
			defaultConfigurationIsVisible = 0;
			defaultConfigurationName = Release;
		};
/* End XCConfigurationList section */
	};
	rootObject = C0C0D2432213B2C2001AA671 /* Project object */;
}
